<?xml version="1.0" encoding="utf-8"?>
<Project ToolsVersion="4.0" xmlns="http://schemas.microsoft.com/developer/msbuild/2003">
  <ItemGroup>
    <Filter Include="Common">
      <UniqueIdentifier>{e770c606-cba4-4bac-a144-6c3a47b693e7}</UniqueIdentifier>
    </Filter>
    <Filter Include="Manipulators">
      <UniqueIdentifier>{eba30083-bffa-46e1-b445-a892d48672d9}</UniqueIdentifier>
    </Filter>
    <Filter Include="Manipulators\Rotation">
      <UniqueIdentifier>{398b85d4-b6cc-4491-81b6-fc3bf65aca3c}</UniqueIdentifier>
    </Filter>
    <Filter Include="Manipulators\Moving">
      <UniqueIdentifier>{70a8d422-e3c5-4a90-b337-6dbfbf07bd7e}</UniqueIdentifier>
    </Filter>
    <Filter Include="Manipulators\Scaling">
      <UniqueIdentifier>{39be8a85-e92d-4ffd-85ac-5177278d76cf}</UniqueIdentifier>
    </Filter>
    <Filter Include="Terrain">
      <UniqueIdentifier>{da500fb5-aa3f-4748-8ec8-17a8961d9434}</UniqueIdentifier>
    </Filter>
    <Filter Include="Terrain\Layers">
      <UniqueIdentifier>{870dc452-af97-47f5-a617-9896239d482a}</UniqueIdentifier>
    </Filter>
    <Filter Include="FileSystem">
      <UniqueIdentifier>{c57aa04f-54ea-4b72-b470-8095b7051c1f}</UniqueIdentifier>
    </Filter>
    <Filter Include="SceneElements">
      <UniqueIdentifier>{548b236f-f6ee-4b65-bbe3-05172e74dbcb}</UniqueIdentifier>
    </Filter>
    <Filter Include="SceneElements\SceneObjects">
      <UniqueIdentifier>{3c9f7bc8-eed3-4f7b-87e4-207d1a09eced}</UniqueIdentifier>
    </Filter>
    <Filter Include="Math">
      <UniqueIdentifier>{dd9b5e08-2466-43f1-b5a9-b00cb1f5a9c4}</UniqueIdentifier>
    </Filter>
    <Filter Include="DebugVars">
      <UniqueIdentifier>{d09b55c8-701c-4850-962b-9927c1c71d01}</UniqueIdentifier>
    </Filter>
    <Filter Include="AG">
      <UniqueIdentifier>{0d7febca-d452-4c2e-93f7-a6077eb7e634}</UniqueIdentifier>
    </Filter>
    <Filter Include="EditorLogger">
      <UniqueIdentifier>{e6735ed0-6b21-4ad0-94f5-a94dc07a00fe}</UniqueIdentifier>
    </Filter>
    <Filter Include="NewSceneElements">
      <UniqueIdentifier>{5963a63c-0eca-4363-b80b-8fad5370bfc0}</UniqueIdentifier>
    </Filter>
    <Filter Include="UIScene">
      <UniqueIdentifier>{5cc6b59f-b6cb-4d0c-81bf-129f2dae935d}</UniqueIdentifier>
    </Filter>
    <Filter Include="EditorScene">
      <UniqueIdentifier>{9e62fad1-c278-483c-9deb-213c985f0690}</UniqueIdentifier>
    </Filter>
    <Filter Include="SimpleEditorScene">
      <UniqueIdentifier>{61c92064-207b-4e65-aa5f-50c7db32fc92}</UniqueIdentifier>
    </Filter>
    <Filter Include="TextureImporter">
      <UniqueIdentifier>{a2e45f21-2df2-4d22-bea4-97fabc1dce57}</UniqueIdentifier>
    </Filter>
  </ItemGroup>
  <ItemGroup>
    <ClCompile Include="stdafx.cpp">
      <Filter>Common</Filter>
    </ClCompile>
    <ClCompile Include="CompositeTransformController.cpp">
      <Filter>Manipulators</Filter>
    </ClCompile>
    <ClCompile Include="IObjectTransformController.cpp">
      <Filter>Manipulators</Filter>
    </ClCompile>
    <ClCompile Include="IObjectTransformControllersProvider.cpp">
      <Filter>Manipulators</Filter>
    </ClCompile>
    <ClCompile Include="Manipulator.cpp">
      <Filter>Manipulators</Filter>
    </ClCompile>
    <ClCompile Include="ManipulatorElement.cpp">
      <Filter>Manipulators</Filter>
    </ClCompile>
    <ClCompile Include="ManipulatorsController.cpp">
      <Filter>Manipulators</Filter>
    </ClCompile>
    <ClCompile Include="TransformParameters.cpp">
      <Filter>Manipulators</Filter>
    </ClCompile>
    <ClCompile Include="AxisRotatorElement.cpp">
      <Filter>Manipulators\Rotation</Filter>
    </ClCompile>
    <ClCompile Include="CameraPlaneRotatorElement.cpp">
      <Filter>Manipulators\Rotation</Filter>
    </ClCompile>
    <ClCompile Include="Rotator.cpp">
      <Filter>Manipulators\Rotation</Filter>
    </ClCompile>
    <ClCompile Include="RotatorElement.cpp">
      <Filter>Manipulators\Rotation</Filter>
    </ClCompile>
    <ClCompile Include="AxisMoverElement.cpp">
      <Filter>Manipulators\Moving</Filter>
    </ClCompile>
    <ClCompile Include="CameraPlaneMoverElement.cpp">
      <Filter>Manipulators\Moving</Filter>
    </ClCompile>
    <ClCompile Include="Mover.cpp">
      <Filter>Manipulators\Moving</Filter>
    </ClCompile>
    <ClCompile Include="MoverElement.cpp">
      <Filter>Manipulators\Moving</Filter>
    </ClCompile>
    <ClCompile Include="MultiDirectionScalerElement.cpp">
      <Filter>Manipulators\Scaling</Filter>
    </ClCompile>
    <ClCompile Include="Scaler.cpp">
      <Filter>Manipulators\Scaling</Filter>
    </ClCompile>
    <ClCompile Include="ScalerElement.cpp">
      <Filter>Manipulators\Scaling</Filter>
    </ClCompile>
    <ClCompile Include="SingleDirectionScalerElement.cpp">
      <Filter>Manipulators\Scaling</Filter>
    </ClCompile>
    <ClCompile Include="EditorTerrain.cpp">
      <Filter>Terrain</Filter>
    </ClCompile>
    <ClCompile Include="TcvMarker.cpp">
      <Filter>Terrain</Filter>
    </ClCompile>
    <ClCompile Include="TerrainElement.cpp">
      <Filter>Terrain</Filter>
    </ClCompile>
    <ClCompile Include="TerrainUtils.cpp">
      <Filter>Terrain</Filter>
    </ClCompile>
    <ClCompile Include="TerrainGlobalLayer.cpp">
      <Filter>Terrain\Layers</Filter>
    </ClCompile>
    <ClCompile Include="TerrainLayer.cpp">
      <Filter>Terrain\Layers</Filter>
    </ClCompile>
    <ClCompile Include="TerrainMaterialLayer.cpp">
      <Filter>Terrain\Layers</Filter>
    </ClCompile>
    <ClCompile Include="EditorFileSystem.cpp">
      <Filter>FileSystem</Filter>
    </ClCompile>
    <ClCompile Include="RoadWrapper.cpp">
      <Filter>SceneElements</Filter>
    </ClCompile>
    <ClCompile Include="SceneElement.cpp">
      <Filter>SceneElements</Filter>
    </ClCompile>
    <ClCompile Include="Bound.cpp">
      <Filter>SceneElements\SceneObjects</Filter>
    </ClCompile>
    <ClCompile Include="GameSceneObject.cpp">
      <Filter>SceneElements\SceneObjects</Filter>
    </ClCompile>
    <ClCompile Include="CubicSpline3D.cpp">
      <Filter>Math</Filter>
    </ClCompile>
    <ClCompile Include="PlacementSpline.cpp">
      <Filter>Math</Filter>
    </ClCompile>
    <ClCompile Include="Quaternion.cpp">
      <Filter>Math</Filter>
    </ClCompile>
    <ClCompile Include="Vector2.cpp">
      <Filter>Math</Filter>
    </ClCompile>
    <ClCompile Include="Vector3.cpp">
      <Filter>Math</Filter>
    </ClCompile>
    <ClCompile Include="EditorDebugVars.cpp">
      <Filter>DebugVars</Filter>
    </ClCompile>
    <ClCompile Include="AGController.cpp">
      <Filter>AG</Filter>
    </ClCompile>
    <ClCompile Include="EditorDumper.cpp">
      <Filter>EditorLogger</Filter>
    </ClCompile>
    <ClCompile Include="AABBSceneElement.cpp">
      <Filter>NewSceneElements</Filter>
    </ClCompile>
    <ClCompile Include="CollSceneObject.cpp">
      <Filter>NewSceneElements</Filter>
    </ClCompile>
    <ClCompile Include="ComponentSceneElement.cpp">
      <Filter>NewSceneElements</Filter>
    </ClCompile>
    <ClCompile Include="EditorSceneComponent.cpp">
      <Filter>NewSceneElements</Filter>
    </ClCompile>
    <ClCompile Include="EditorSceneObject.cpp">
      <Filter>NewSceneElements</Filter>
    </ClCompile>
    <ClCompile Include="ISceneElement.cpp">
      <Filter>NewSceneElements</Filter>
    </ClCompile>
    <ClCompile Include="LocatorSceneElement.cpp">
      <Filter>NewSceneElements</Filter>
    </ClCompile>
    <ClCompile Include="ManipulatorSceneObject.cpp">
      <Filter>NewSceneElements</Filter>
    </ClCompile>
    <ClCompile Include="MoveManipulatorSceneComponent.cpp">
      <Filter>NewSceneElements</Filter>
    </ClCompile>
    <ClCompile Include="RotateManipulatorSceneComponent.cpp">
      <Filter>NewSceneElements</Filter>
    </ClCompile>
    <ClCompile Include="ScaleManipulatorSceneComponent.cpp">
      <Filter>NewSceneElements</Filter>
    </ClCompile>
    <ClCompile Include="Editor2DSceneBase.cpp">
      <Filter>UIScene</Filter>
    </ClCompile>
    <ClCompile Include="EditorMaterialScene.cpp">
      <Filter>UIScene</Filter>
    </ClCompile>
    <ClCompile Include="EditorUIScene.cpp">
      <Filter>UIScene</Filter>
    </ClCompile>
    <ClCompile Include="Camera.cpp">
      <Filter>EditorScene</Filter>
    </ClCompile>
    <ClCompile Include="EditorScene.cpp">
      <Filter>EditorScene</Filter>
    </ClCompile>
    <ClCompile Include="PickResult.cpp">
      <Filter>EditorScene</Filter>
    </ClCompile>
    <ClCompile Include="SimpleEditorScene.cpp">
      <Filter>SimpleEditorScene</Filter>
    </ClCompile>
    <ClCompile Include="SimplePickResult.cpp">
      <Filter>SimpleEditorScene</Filter>
    </ClCompile>
    <ClCompile Include="TextureImporter.cpp">
      <Filter>TextureImporter</Filter>
    </ClCompile>
    <ClCompile Include="CinemaMode.cpp" />
    <ClCompile Include="EditorRender.cpp" />
    <ClCompile Include="EditorSound.cpp" />
    <ClCompile Include="PlacementConverter.cpp" />
    <ClCompile Include="ResourceCache.cpp" />
  </ItemGroup>
  <ItemGroup>
    <ClInclude Include="stdafx.h">
      <Filter>Common</Filter>
    </ClInclude>
    <ClInclude Include="CompositeTransformController.h">
      <Filter>Manipulators</Filter>
    </ClInclude>
    <ClInclude Include="IObjectTransformController.h">
      <Filter>Manipulators</Filter>
    </ClInclude>
    <ClInclude Include="IObjectTransformControllersProvider.h">
      <Filter>Manipulators</Filter>
    </ClInclude>
    <ClInclude Include="Manipulator.h">
      <Filter>Manipulators</Filter>
    </ClInclude>
    <ClInclude Include="ManipulatorElement.h">
      <Filter>Manipulators</Filter>
    </ClInclude>
    <ClInclude Include="ManipulatorsController.h">
      <Filter>Manipulators</Filter>
    </ClInclude>
    <ClInclude Include="TransformParameters.h">
      <Filter>Manipulators</Filter>
    </ClInclude>
    <ClInclude Include="AxisRotatorElement.h">
      <Filter>Manipulators\Rotation</Filter>
    </ClInclude>
    <ClInclude Include="CameraPlaneRotatorElement.h">
      <Filter>Manipulators\Rotation</Filter>
    </ClInclude>
    <ClInclude Include="Rotator.h">
      <Filter>Manipulators\Rotation</Filter>
    </ClInclude>
    <ClInclude Include="RotatorElement.h">
      <Filter>Manipulators\Rotation</Filter>
    </ClInclude>
    <ClInclude Include="AxisMoverElement.h">
      <Filter>Manipulators\Moving</Filter>
    </ClInclude>
    <ClInclude Include="CameraPlaneMoverElement.h">
      <Filter>Manipulators\Moving</Filter>
    </ClInclude>
    <ClInclude Include="Mover.h">
      <Filter>Manipulators\Moving</Filter>
    </ClInclude>
    <ClInclude Include="MoverElement.h">
      <Filter>Manipulators\Moving</Filter>
    </ClInclude>
    <ClInclude Include="MultiDirectionScalerElement.h">
      <Filter>Manipulators\Scaling</Filter>
    </ClInclude>
    <ClInclude Include="Scaler.h">
      <Filter>Manipulators\Scaling</Filter>
    </ClInclude>
    <ClInclude Include="ScalerElement.h">
      <Filter>Manipulators\Scaling</Filter>
    </ClInclude>
    <ClInclude Include="SingleDirectionScalerElement.h">
      <Filter>Manipulators\Scaling</Filter>
    </ClInclude>
    <ClInclude Include="EditorTerrain.h">
      <Filter>Terrain</Filter>
    </ClInclude>
    <ClInclude Include="TcvMarker.h">
      <Filter>Terrain</Filter>
    </ClInclude>
    <ClInclude Include="TerrainElement.h">
      <Filter>Terrain</Filter>
    </ClInclude>
    <ClInclude Include="TerrainUtils.h">
      <Filter>Terrain</Filter>
    </ClInclude>
    <ClInclude Include="TerrainGlobalLayer.h">
      <Filter>Terrain\Layers</Filter>
    </ClInclude>
    <ClInclude Include="TerrainLayer.h">
      <Filter>Terrain\Layers</Filter>
    </ClInclude>
    <ClInclude Include="TerrainMaterialLayer.h">
      <Filter>Terrain\Layers</Filter>
    </ClInclude>
    <ClInclude Include="EditorFileSystem.h">
      <Filter>FileSystem</Filter>
    </ClInclude>
    <ClInclude Include="RoadWrapper.h">
      <Filter>SceneElements</Filter>
    </ClInclude>
    <ClInclude Include="SceneElement.h">
      <Filter>SceneElements</Filter>
    </ClInclude>
    <ClInclude Include="Bound.h">
      <Filter>SceneElements\SceneObjects</Filter>
    </ClInclude>
    <ClInclude Include="GameSceneObject.h">
      <Filter>SceneElements\SceneObjects</Filter>
    </ClInclude>
    <ClInclude Include="CubicSpline3D.h">
      <Filter>Math</Filter>
    </ClInclude>
    <ClInclude Include="PlacementSpline.h">
      <Filter>Math</Filter>
    </ClInclude>
    <ClInclude Include="Quaternion.h">
      <Filter>Math</Filter>
    </ClInclude>
    <ClInclude Include="Vector2.h">
      <Filter>Math</Filter>
    </ClInclude>
    <ClInclude Include="Vector3.h">
      <Filter>Math</Filter>
    </ClInclude>
    <ClInclude Include="EditorDebugVars.h">
      <Filter>DebugVars</Filter>
    </ClInclude>
    <ClInclude Include="AGController.h">
      <Filter>AG</Filter>
    </ClInclude>
    <ClInclude Include="EditorDumper.h">
      <Filter>EditorLogger</Filter>
    </ClInclude>
    <ClInclude Include="AABBSceneElement.h">
      <Filter>NewSceneElements</Filter>
    </ClInclude>
    <ClInclude Include="CollSceneObject.h">
      <Filter>NewSceneElements</Filter>
    </ClInclude>
    <ClInclude Include="ComponentSceneElement.h">
      <Filter>NewSceneElements</Filter>
    </ClInclude>
    <ClInclude Include="EditorSceneComponent.h">
      <Filter>NewSceneElements</Filter>
    </ClInclude>
    <ClInclude Include="EditorSceneObject.h">
      <Filter>NewSceneElements</Filter>
    </ClInclude>
    <ClInclude Include="ISceneElement.h">
      <Filter>NewSceneElements</Filter>
    </ClInclude>
    <ClInclude Include="LocatorSceneElement.h">
      <Filter>NewSceneElements</Filter>
    </ClInclude>
    <ClInclude Include="ManipulatorSceneObject.h">
      <Filter>NewSceneElements</Filter>
    </ClInclude>
    <ClInclude Include="MoveManipulatorSceneComponent.h">
      <Filter>NewSceneElements</Filter>
    </ClInclude>
    <ClInclude Include="RotateManipulatorSceneComponent.h">
      <Filter>NewSceneElements</Filter>
    </ClInclude>
    <ClInclude Include="ScaleManipulatorSceneComponent.h">
      <Filter>NewSceneElements</Filter>
    </ClInclude>
    <ClInclude Include="Editor2DSceneBase.h">
      <Filter>UIScene</Filter>
    </ClInclude>
    <ClInclude Include="EditorMaterialScene.h">
      <Filter>UIScene</Filter>
    </ClInclude>
    <ClInclude Include="EditorUIScene.h">
      <Filter>UIScene</Filter>
    </ClInclude>
    <ClInclude Include="Camera.h">
      <Filter>EditorScene</Filter>
    </ClInclude>
    <ClInclude Include="EditorScene.h">
      <Filter>EditorScene</Filter>
    </ClInclude>
    <ClInclude Include="PickResult.h">
      <Filter>EditorScene</Filter>
    </ClInclude>
    <ClInclude Include="SimpleEditorScene.h">
      <Filter>SimpleEditorScene</Filter>
    </ClInclude>
    <ClInclude Include="SimplePickResult.h">
      <Filter>SimpleEditorScene</Filter>
    </ClInclude>
    <ClInclude Include="TextureImporter.h">
      <Filter>TextureImporter</Filter>
    </ClInclude>
    <ClInclude Include="CinemaMode.h" />
    <ClInclude Include="EditorRender.h" />
    <ClInclude Include="EditorSound.h" />
    <ClInclude Include="PlacementConverter.h" />
    <ClInclude Include="ResourceCache.h" />
    <ClInclude Include="Settings.h" />
    <ClInclude Include="StringUtils.h" />
    <ClInclude Include="Utility.h" />
  </ItemGroup>
  <ItemGroup>
    <None Include="editornative.refs" />
  </ItemGroup>
</Project>